
Microsoft Visual Studio Solution File, Format Version 12.00
# Visual Studio Version 17
VisualStudioVersion = 17.0.31919.166
MinimumVisualStudioVersion = 10.0.40219.1
Project("{9A19103F-16F7-4668-BE54-9A1E7A4F7556}") = "BulkyBookWeb", "BulkyBookWeb\BulkyBookWeb.csproj", "{9292E876-118A-4AFA-8A65-0B255C013E20}"
EndProject
Project("{FAE04EC0-301F-11D3-BF4B-00C04F79EFBC}") = "BulkyBook.DataAccess", "BulkyBook.DataAccess\BulkyBook.DataAccess.csproj", "{29B1552A-2F09-4C26-8D74-59C36256B03F}"
EndProject
Project("{FAE04EC0-301F-11D3-BF4B-00C04F79EFBC}") = "BulkyBook.Models", "BulkyBook.Models\BulkyBook.Models.csproj", "{3927D20C-2774-4101-AB5C-65BE51E87FE2}"
EndProject
Project("{FAE04EC0-301F-11D3-BF4B-00C04F79EFBC}") = "BulkyBook.Utility", "BulkyBook.Utility\BulkyBook.Utility.csproj", "{2C841D12-6630-45A3-A54D-1289BF283BBC}"
EndProject
Global
	GlobalSection(SolutionConfigurationPlatforms) = preSolution
		Debug|Any CPU = Debug|Any CPU
		Release|Any CPU = Release|Any CPU
	EndGlobalSection
	GlobalSection(ProjectConfigurationPlatforms) = postSolution
		{9292E876-118A-4AFA-8A65-0B255C013E20}.Debug|Any CPU.ActiveCfg = Debug|Any CPU
		{9292E876-118A-4AFA-8A65-0B255C013E20}.Debug|Any CPU.Build.0 = Debug|Any CPU
		{9292E876-118A-4AFA-8A65-0B255C013E20}.Release|Any CPU.ActiveCfg = Release|Any CPU
		{9292E876-118A-4AFA-8A65-0B255C013E20}.Release|Any CPU.Build.0 = Release|Any CPU
		{29B1552A-2F09-4C26-8D74-59C36256B03F}.Debug|Any CPU.ActiveCfg = Debug|Any CPU
		{29B1552A-2F09-4C26-8D74-59C36256B03F}.Debug|Any CPU.Build.0 = Debug|Any CPU
		{29B1552A-2F09-4C26-8D74-59C36256B03F}.Release|Any CPU.ActiveCfg = Release|Any CPU
		{29B1552A-2F09-4C26-8D74-59C36256B03F}.Release|Any CPU.Build.0 = Release|Any CPU
		{3927D20C-2774-4101-AB5C-65BE51E87FE2}.Debug|Any CPU.ActiveCfg = Debug|Any CPU
		{3927D20C-2774-4101-AB5C-65BE51E87FE2}.Debug|Any CPU.Build.0 = Debug|Any CPU
		{3927D20C-2774-4101-AB5C-65BE51E87FE2}.Release|Any CPU.ActiveCfg = Release|Any CPU
		{3927D20C-2774-4101-AB5C-65BE51E87FE2}.Release|Any CPU.Build.0 = Release|Any CPU
		{2C841D12-6630-45A3-A54D-1289BF283BBC}.Debug|Any CPU.ActiveCfg = Debug|Any CPU
		{2C841D12-6630-45A3-A54D-1289BF283BBC}.Debug|Any CPU.Build.0 = Debug|Any CPU
		{2C841D12-6630-45A3-A54D-1289BF283BBC}.Release|Any CPU.ActiveCfg = Release|Any CPU
		{2C841D12-6630-45A3-A54D-1289BF283BBC}.Release|Any CPU.Build.0 = Release|Any CPU
	EndGlobalSection
	GlobalSection(SolutionProperties) = preSolution
		HideSolutionNode = FALSE
	EndGlobalSection
	GlobalSection(ExtensibilityGlobals) = postSolution
		SolutionGuid = {C67778F8-4D98-4BDA-BB80-352A3AFE3254}
	EndGlobalSection
EndGlobal
